// !$*UTF8*$!
{
	archiveVersion = 1;
	classes = {
	};
	objectVersion = 56;
	objects = {

/* Begin PBXBuildFile section */
		BA6F20042C93F83F0071DF0D /* AppDelegate.swift in Sources */ = {isa = PBXBuildFile; fileRef = BA6F20032C93F83F0071DF0D /* AppDelegate.swift */; };
		BA6F20062C93F83F0071DF0D /* SceneDelegate.swift in Sources */ = {isa = PBXBuildFile; fileRef = BA6F20052C93F83F0071DF0D /* SceneDelegate.swift */; };
		BA6F200E2C93F83F0071DF0D /* Authentication_in_Swift.xcdatamodeld in Sources */ = {isa = PBXBuildFile; fileRef = BA6F200C2C93F83F0071DF0D /* Authentication_in_Swift.xcdatamodeld */; };
		BA6F20102C93F8450071DF0D /* Assets.xcassets in Resources */ = {isa = PBXBuildFile; fileRef = BA6F200F2C93F8450071DF0D /* Assets.xcassets */; };
		BA6F20132C93F8450071DF0D /* LaunchScreen.storyboard in Resources */ = {isa = PBXBuildFile; fileRef = BA6F20112C93F8450071DF0D /* LaunchScreen.storyboard */; };
		BA6F201C2C9408F50071DF0D /* SignUpVC.swift in Sources */ = {isa = PBXBuildFile; fileRef = BA6F201A2C9408F50071DF0D /* SignUpVC.swift */; };
		BA6F201D2C9408F50071DF0D /* SignUpVC.xib in Resources */ = {isa = PBXBuildFile; fileRef = BA6F201B2C9408F50071DF0D /* SignUpVC.xib */; };
		BA6F202B2C940B2C0071DF0D /* Lato-Italic.ttf in Resources */ = {isa = PBXBuildFile; fileRef = BA6F20202C940B2C0071DF0D /* Lato-Italic.ttf */; };
		BA6F202C2C940B2C0071DF0D /* Lato-LightItalic.ttf in Resources */ = {isa = PBXBuildFile; fileRef = BA6F20212C940B2C0071DF0D /* Lato-LightItalic.ttf */; };
		BA6F202D2C940B2C0071DF0D /* Lato-Thin.ttf in Resources */ = {isa = PBXBuildFile; fileRef = BA6F20222C940B2C0071DF0D /* Lato-Thin.ttf */; };
		BA6F202E2C940B2C0071DF0D /* Lato-Bold.ttf in Resources */ = {isa = PBXBuildFile; fileRef = BA6F20232C940B2C0071DF0D /* Lato-Bold.ttf */; };
		BA6F202F2C940B2C0071DF0D /* Lato-Black.ttf in Resources */ = {isa = PBXBuildFile; fileRef = BA6F20242C940B2C0071DF0D /* Lato-Black.ttf */; };
		BA6F20302C940B2C0071DF0D /* Lato-Regular.ttf in Resources */ = {isa = PBXBuildFile; fileRef = BA6F20252C940B2C0071DF0D /* Lato-Regular.ttf */; };
		BA6F20312C940B2C0071DF0D /* Lato-BlackItalic.ttf in Resources */ = {isa = PBXBuildFile; fileRef = BA6F20262C940B2C0071DF0D /* Lato-BlackItalic.ttf */; };
		BA6F20322C940B2C0071DF0D /* OFL.txt in Resources */ = {isa = PBXBuildFile; fileRef = BA6F20272C940B2C0071DF0D /* OFL.txt */; };
		BA6F20332C940B2C0071DF0D /* Lato-BoldItalic.ttf in Resources */ = {isa = PBXBuildFile; fileRef = BA6F20282C940B2C0071DF0D /* Lato-BoldItalic.ttf */; };
		BA6F20342C940B2C0071DF0D /* Lato-Light.ttf in Resources */ = {isa = PBXBuildFile; fileRef = BA6F20292C940B2C0071DF0D /* Lato-Light.ttf */; };
		BA6F20352C940B2C0071DF0D /* Lato-ThinItalic.ttf in Resources */ = {isa = PBXBuildFile; fileRef = BA6F202A2C940B2C0071DF0D /* Lato-ThinItalic.ttf */; };
		BA6F203C2C9424A00071DF0D /* User.swift in Sources */ = {isa = PBXBuildFile; fileRef = BA6F203B2C9424A00071DF0D /* User.swift */; };
		BA6F203E2C9424C30071DF0D /* UserProperties.swift in Sources */ = {isa = PBXBuildFile; fileRef = BA6F203D2C9424C30071DF0D /* UserProperties.swift */; };
		BADD9B382C94418D00B4C69F /* Users+CoreDataClass.swift in Sources */ = {isa = PBXBuildFile; fileRef = BADD9B362C94418D00B4C69F /* Users+CoreDataClass.swift */; };
		BADD9B392C94418D00B4C69F /* Users+CoreDataProperties.swift in Sources */ = {isa = PBXBuildFile; fileRef = BADD9B372C94418D00B4C69F /* Users+CoreDataProperties.swift */; };
		BADD9B3C2C9441F400B4C69F /* CoreData.framework in Frameworks */ = {isa = PBXBuildFile; fileRef = BADD9B3B2C9441F400B4C69F /* CoreData.framework */; };
		BADD9B3E2C94437B00B4C69F /* DataBaseHelper.swift in Sources */ = {isa = PBXBuildFile; fileRef = BADD9B3D2C94437B00B4C69F /* DataBaseHelper.swift */; };
/* End PBXBuildFile section */

/* Begin PBXFileReference section */
		BA6F20002C93F83F0071DF0D /* Authentication in Swift.app */ = {isa = PBXFileReference; explicitFileType = wrapper.application; includeInIndex = 0; path = "Authentication in Swift.app"; sourceTree = BUILT_PRODUCTS_DIR; };
		BA6F20032C93F83F0071DF0D /* AppDelegate.swift */ = {isa = PBXFileReference; lastKnownFileType = sourcecode.swift; path = AppDelegate.swift; sourceTree = "<group>"; };
		BA6F20052C93F83F0071DF0D /* SceneDelegate.swift */ = {isa = PBXFileReference; lastKnownFileType = sourcecode.swift; path = SceneDelegate.swift; sourceTree = "<group>"; };
		BA6F200D2C93F83F0071DF0D /* Authentication_in_Swift.xcdatamodel */ = {isa = PBXFileReference; lastKnownFileType = wrapper.xcdatamodel; path = Authentication_in_Swift.xcdatamodel; sourceTree = "<group>"; };
		BA6F200F2C93F8450071DF0D /* Assets.xcassets */ = {isa = PBXFileReference; lastKnownFileType = folder.assetcatalog; path = Assets.xcassets; sourceTree = "<group>"; };
		BA6F20122C93F8450071DF0D /* Base */ = {isa = PBXFileReference; lastKnownFileType = file.storyboard; name = Base; path = Base.lproj/LaunchScreen.storyboard; sourceTree = "<group>"; };
		BA6F20142C93F8450071DF0D /* Info.plist */ = {isa = PBXFileReference; lastKnownFileType = text.plist.xml; path = Info.plist; sourceTree = "<group>"; };
		BA6F201A2C9408F50071DF0D /* SignUpVC.swift */ = {isa = PBXFileReference; lastKnownFileType = sourcecode.swift; path = SignUpVC.swift; sourceTree = "<group>"; };
		BA6F201B2C9408F50071DF0D /* SignUpVC.xib */ = {isa = PBXFileReference; lastKnownFileType = file.xib; path = SignUpVC.xib; sourceTree = "<group>"; };
		BA6F20202C940B2C0071DF0D /* Lato-Italic.ttf */ = {isa = PBXFileReference; lastKnownFileType = file; path = "Lato-Italic.ttf"; sourceTree = "<group>"; };
		BA6F20212C940B2C0071DF0D /* Lato-LightItalic.ttf */ = {isa = PBXFileReference; lastKnownFileType = file; path = "Lato-LightItalic.ttf"; sourceTree = "<group>"; };
		BA6F20222C940B2C0071DF0D /* Lato-Thin.ttf */ = {isa = PBXFileReference; lastKnownFileType = file; path = "Lato-Thin.ttf"; sourceTree = "<group>"; };
		BA6F20232C940B2C0071DF0D /* Lato-Bold.ttf */ = {isa = PBXFileReference; lastKnownFileType = file; path = "Lato-Bold.ttf"; sourceTree = "<group>"; };
		BA6F20242C940B2C0071DF0D /* Lato-Black.ttf */ = {isa = PBXFileReference; lastKnownFileType = file; path = "Lato-Black.ttf"; sourceTree = "<group>"; };
		BA6F20252C940B2C0071DF0D /* Lato-Regular.ttf */ = {isa = PBXFileReference; lastKnownFileType = file; path = "Lato-Regular.ttf"; sourceTree = "<group>"; };
		BA6F20262C940B2C0071DF0D /* Lato-BlackItalic.ttf */ = {isa = PBXFileReference; lastKnownFileType = file; path = "Lato-BlackItalic.ttf"; sourceTree = "<group>"; };
		BA6F20272C940B2C0071DF0D /* OFL.txt */ = {isa = PBXFileReference; fileEncoding = 4; lastKnownFileType = text; path = OFL.txt; sourceTree = "<group>"; };
		BA6F20282C940B2C0071DF0D /* Lato-BoldItalic.ttf */ = {isa = PBXFileReference; lastKnownFileType = file; path = "Lato-BoldItalic.ttf"; sourceTree = "<group>"; };
		BA6F20292C940B2C0071DF0D /* Lato-Light.ttf */ = {isa = PBXFileReference; lastKnownFileType = file; path = "Lato-Light.ttf"; sourceTree = "<group>"; };
		BA6F202A2C940B2C0071DF0D /* Lato-ThinItalic.ttf */ = {isa = PBXFileReference; lastKnownFileType = file; path = "Lato-ThinItalic.ttf"; sourceTree = "<group>"; };
		BA6F203B2C9424A00071DF0D /* User.swift */ = {isa = PBXFileReference; lastKnownFileType = sourcecode.swift; path = User.swift; sourceTree = "<group>"; };
		BA6F203D2C9424C30071DF0D /* UserProperties.swift */ = {isa = PBXFileReference; lastKnownFileType = sourcecode.swift; path = UserProperties.swift; sourceTree = "<group>"; };
		BADD9B362C94418D00B4C69F /* Users+CoreDataClass.swift */ = {isa = PBXFileReference; lastKnownFileType = sourcecode.swift; path = "Users+CoreDataClass.swift"; sourceTree = "<group>"; };
		BADD9B372C94418D00B4C69F /* Users+CoreDataProperties.swift */ = {isa = PBXFileReference; lastKnownFileType = sourcecode.swift; path = "Users+CoreDataProperties.swift"; sourceTree = "<group>"; };
		BADD9B3B2C9441F400B4C69F /* CoreData.framework */ = {isa = PBXFileReference; lastKnownFileType = wrapper.framework; name = CoreData.framework; path = System/Library/Frameworks/CoreData.framework; sourceTree = SDKROOT; };
		BADD9B3D2C94437B00B4C69F /* DataBaseHelper.swift */ = {isa = PBXFileReference; lastKnownFileType = sourcecode.swift; path = DataBaseHelper.swift; sourceTree = "<group>"; };
/* End PBXFileReference section */

/* Begin PBXFrameworksBuildPhase section */
		BA6F1FFD2C93F83F0071DF0D /* Frameworks */ = {
			isa = PBXFrameworksBuildPhase;
			buildActionMask = 2147483647;
			files = (
				BADD9B3C2C9441F400B4C69F /* CoreData.framework in Frameworks */,
			);
			runOnlyForDeploymentPostprocessing = 0;
		};
/* End PBXFrameworksBuildPhase section */

/* Begin PBXGroup section */
		BA6F1FF72C93F83F0071DF0D = {
			isa = PBXGroup;
			children = (
				BA6F20022C93F83F0071DF0D /* Authentication in Swift */,
				BA6F20012C93F83F0071DF0D /* Products */,
				BADD9B3A2C9441F400B4C69F /* Frameworks */,
			);
			sourceTree = "<group>";
		};
		BA6F20012C93F83F0071DF0D /* Products */ = {
			isa = PBXGroup;
			children = (
				BA6F20002C93F83F0071DF0D /* Authentication in Swift.app */,
			);
			name = Products;
			sourceTree = "<group>";
		};
		BA6F20022C93F83F0071DF0D /* Authentication in Swift */ = {
			isa = PBXGroup;
			children = (
				BADD9B362C94418D00B4C69F /* Users+CoreDataClass.swift */,
				BADD9B372C94418D00B4C69F /* Users+CoreDataProperties.swift */,
				BA6F20372C941E7A0071DF0D /* Model */,
				BADD9B322C9427D300B4C69F /* View */,
				BADD9B332C9427DA00B4C69F /* ViewModel */,
				BA6F20362C941E090071DF0D /* Resources */,
				BA6F20112C93F8450071DF0D /* LaunchScreen.storyboard */,
				BA6F20142C93F8450071DF0D /* Info.plist */,
				BA6F200C2C93F83F0071DF0D /* Authentication_in_Swift.xcdatamodeld */,
			);
			path = "Authentication in Swift";
			sourceTree = "<group>";
		};
		BA6F201E2C940B0D0071DF0D /* Fonts */ = {
			isa = PBXGroup;
			children = (
				BA6F201F2C940B2C0071DF0D /* Lato */,
			);
			path = Fonts;
			sourceTree = "<group>";
		};
		BA6F201F2C940B2C0071DF0D /* Lato */ = {
			isa = PBXGroup;
			children = (
				BA6F20202C940B2C0071DF0D /* Lato-Italic.ttf */,
				BA6F20212C940B2C0071DF0D /* Lato-LightItalic.ttf */,
				BA6F20222C940B2C0071DF0D /* Lato-Thin.ttf */,
				BA6F20232C940B2C0071DF0D /* Lato-Bold.ttf */,
				BA6F20242C940B2C0071DF0D /* Lato-Black.ttf */,
				BA6F20252C940B2C0071DF0D /* Lato-Regular.ttf */,
				BA6F20262C940B2C0071DF0D /* Lato-BlackItalic.ttf */,
				BA6F20272C940B2C0071DF0D /* OFL.txt */,
				BA6F20282C940B2C0071DF0D /* Lato-BoldItalic.ttf */,
				BA6F20292C940B2C0071DF0D /* Lato-Light.ttf */,
				BA6F202A2C940B2C0071DF0D /* Lato-ThinItalic.ttf */,
			);
			path = Lato;
			sourceTree = "<group>";
		};
		BA6F20362C941E090071DF0D /* Resources */ = {
			isa = PBXGroup;
			children = (
				BA6F201E2C940B0D0071DF0D /* Fonts */,
				BA6F20052C93F83F0071DF0D /* SceneDelegate.swift */,
				BA6F20032C93F83F0071DF0D /* AppDelegate.swift */,
				BA6F200F2C93F8450071DF0D /* Assets.xcassets */,
			);
			path = Resources;
			sourceTree = "<group>";
		};
		BA6F20372C941E7A0071DF0D /* Model */ = {
			isa = PBXGroup;
			children = (
				BA6F203A2C9424930071DF0D /* Users */,
			);
			path = Model;
			sourceTree = "<group>";
		};
		BA6F203A2C9424930071DF0D /* Users */ = {
			isa = PBXGroup;
			children = (
				BA6F203B2C9424A00071DF0D /* User.swift */,
				BA6F203D2C9424C30071DF0D /* UserProperties.swift */,
			);
			path = Users;
			sourceTree = "<group>";
		};
		BADD9B322C9427D300B4C69F /* View */ = {
			isa = PBXGroup;
			children = (
				BA6F201A2C9408F50071DF0D /* SignUpVC.swift */,
				BA6F201B2C9408F50071DF0D /* SignUpVC.xib */,
			);
			path = View;
			sourceTree = "<group>";
		};
		BADD9B332C9427DA00B4C69F /* ViewModel */ = {
			isa = PBXGroup;
			children = (
				BADD9B3D2C94437B00B4C69F /* DataBaseHelper.swift */,
			);
			path = ViewModel;
			sourceTree = "<group>";
		};
		BADD9B3A2C9441F400B4C69F /* Frameworks */ = {
			isa = PBXGroup;
			children = (
				BADD9B3B2C9441F400B4C69F /* CoreData.framework */,
			);
			name = Frameworks;
			sourceTree = "<group>";
		};
/* End PBXGroup section */

/* Begin PBXNativeTarget section */
		BA6F1FFF2C93F83F0071DF0D /* Authentication in Swift */ = {
			isa = PBXNativeTarget;
			buildConfigurationList = BA6F20172C93F8460071DF0D /* Build configuration list for PBXNativeTarget "Authentication in Swift" */;
			buildPhases = (
				BA6F1FFC2C93F83F0071DF0D /* Sources */,
				BA6F1FFD2C93F83F0071DF0D /* Frameworks */,
				BA6F1FFE2C93F83F0071DF0D /* Resources */,
			);
			buildRules = (
			);
			dependencies = (
			);
			name = "Authentication in Swift";
			productName = "Authentication in Swift";
			productReference = BA6F20002C93F83F0071DF0D /* Authentication in Swift.app */;
			productType = "com.apple.product-type.application";
		};
/* End PBXNativeTarget section */

/* Begin PBXProject section */
		BA6F1FF82C93F83F0071DF0D /* Project object */ = {
			isa = PBXProject;
			attributes = {
				BuildIndependentTargetsInParallel = 1;
				LastSwiftUpdateCheck = 1520;
				LastUpgradeCheck = 1520;
				TargetAttributes = {
					BA6F1FFF2C93F83F0071DF0D = {
						CreatedOnToolsVersion = 15.2;
					};
				};
			};
			buildConfigurationList = BA6F1FFB2C93F83F0071DF0D /* Build configuration list for PBXProject "Authentication in Swift" */;
			compatibilityVersion = "Xcode 14.0";
			developmentRegion = en;
			hasScannedForEncodings = 0;
			knownRegions = (
				en,
				Base,
			);
			mainGroup = BA6F1FF72C93F83F0071DF0D;
			productRefGroup = BA6F20012C93F83F0071DF0D /* Products */;
			projectDirPath = "";
			projectRoot = "";
			targets = (
				BA6F1FFF2C93F83F0071DF0D /* Authentication in Swift */,
			);
		};
/* End PBXProject section */

/* Begin PBXResourcesBuildPhase section */
		BA6F1FFE2C93F83F0071DF0D /* Resources */ = {
			isa = PBXResourcesBuildPhase;
			buildActionMask = 2147483647;
			files = (
				BA6F202E2C940B2C0071DF0D /* Lato-Bold.ttf in Resources */,
				BA6F20352C940B2C0071DF0D /* Lato-ThinItalic.ttf in Resources */,
				BA6F20342C940B2C0071DF0D /* Lato-Light.ttf in Resources */,
				BA6F20322C940B2C0071DF0D /* OFL.txt in Resources */,
				BA6F201D2C9408F50071DF0D /* SignUpVC.xib in Resources */,
				BA6F20332C940B2C0071DF0D /* Lato-BoldItalic.ttf in Resources */,
				BA6F20312C940B2C0071DF0D /* Lato-BlackItalic.ttf in Resources */,
				BA6F202D2C940B2C0071DF0D /* Lato-Thin.ttf in Resources */,
				BA6F202C2C940B2C0071DF0D /* Lato-LightItalic.ttf in Resources */,
				BA6F20302C940B2C0071DF0D /* Lato-Regular.ttf in Resources */,
				BA6F202F2C940B2C0071DF0D /* Lato-Black.ttf in Resources */,
				BA6F20132C93F8450071DF0D /* LaunchScreen.storyboard in Resources */,
				BA6F202B2C940B2C0071DF0D /* Lato-Italic.ttf in Resources */,
				BA6F20102C93F8450071DF0D /* Assets.xcassets in Resources */,
			);
			runOnlyForDeploymentPostprocessing = 0;
		};
/* End PBXResourcesBuildPhase section */

/* Begin PBXSourcesBuildPhase section */
		BA6F1FFC2C93F83F0071DF0D /* Sources */ = {
			isa = PBXSourcesBuildPhase;
			buildActionMask = 2147483647;
			files = (
				BA6F201C2C9408F50071DF0D /* SignUpVC.swift in Sources */,
				BADD9B392C94418D00B4C69F /* Users+CoreDataProperties.swift in Sources */,
				BA6F20042C93F83F0071DF0D /* AppDelegate.swift in Sources */,
				BADD9B382C94418D00B4C69F /* Users+CoreDataClass.swift in Sources */,
				BADD9B3E2C94437B00B4C69F /* DataBaseHelper.swift in Sources */,
				BA6F200E2C93F83F0071DF0D /* Authentication_in_Swift.xcdatamodeld in Sources */,
				BA6F203C2C9424A00071DF0D /* User.swift in Sources */,
				BA6F20062C93F83F0071DF0D /* SceneDelegate.swift in Sources */,
				BA6F203E2C9424C30071DF0D /* UserProperties.swift in Sources */,
			);
			runOnlyForDeploymentPostprocessing = 0;
		};
/* End PBXSourcesBuildPhase section */

/* Begin PBXVariantGroup section */
		BA6F20112C93F8450071DF0D /* LaunchScreen.storyboard */ = {
			isa = PBXVariantGroup;
			children = (
				BA6F20122C93F8450071DF0D /* Base */,
			);
			name = LaunchScreen.storyboard;
			sourceTree = "<group>";
		};
/* End PBXVariantGroup section */

/* Begin XCBuildConfiguration section */
		BA6F20152C93F8460071DF0D /* Debug */ = {
			isa = XCBuildConfiguration;
			buildSettings = {
				ALWAYS_SEARCH_USER_PATHS = NO;
				ASSETCATALOG_COMPILER_GENERATE_SWIFT_ASSET_SYMBOL_EXTENSIONS = YES;
				CLANG_ANALYZER_NONNULL = YES;
				CLANG_ANALYZER_NUMBER_OBJECT_CONVERSION = YES_AGGRESSIVE;
				CLANG_CXX_LANGUAGE_STANDARD = "gnu++20";
				CLANG_ENABLE_MODULES = YES;
				CLANG_ENABLE_OBJC_ARC = YES;
				CLANG_ENABLE_OBJC_WEAK = YES;
				CLANG_WARN_BLOCK_CAPTURE_AUTORELEASING = YES;
				CLANG_WARN_BOOL_CONVERSION = YES;
				CLANG_WARN_COMMA = YES;
				CLANG_WARN_CONSTANT_CONVERSION = YES;
				CLANG_WARN_DEPRECATED_OBJC_IMPLEMENTATIONS = YES;
				CLANG_WARN_DIRECT_OBJC_ISA_USAGE = YES_ERROR;
				CLANG_WARN_DOCUMENTATION_COMMENTS = YES;
				CLANG_WARN_EMPTY_BODY = YES;
				CLANG_WARN_ENUM_CONVERSION = YES;
				CLANG_WARN_INFINITE_RECURSION = YES;
				CLANG_WARN_INT_CONVERSION = YES;
				CLANG_WARN_NON_LITERAL_NULL_CONVERSION = YES;
				CLANG_WARN_OBJC_IMPLICIT_RETAIN_SELF = YES;
				CLANG_WARN_OBJC_LITERAL_CONVERSION = YES;
				CLANG_WARN_OBJC_ROOT_CLASS = YES_ERROR;
				CLANG_WARN_QUOTED_INCLUDE_IN_FRAMEWORK_HEADER = YES;
				CLANG_WARN_RANGE_LOOP_ANALYSIS = YES;
				CLANG_WARN_STRICT_PROTOTYPES = YES;
				CLANG_WARN_SUSPICIOUS_MOVE = YES;
				CLANG_WARN_UNGUARDED_AVAILABILITY = YES_AGGRESSIVE;
				CLANG_WARN_UNREACHABLE_CODE = YES;
				CLANG_WARN__DUPLICATE_METHOD_MATCH = YES;
				COPY_PHASE_STRIP = NO;
				DEBUG_INFORMATION_FORMAT = dwarf;
				ENABLE_STRICT_OBJC_MSGSEND = YES;
				ENABLE_TESTABILITY = YES;
				ENABLE_USER_SCRIPT_SANDBOXING = YES;
				GCC_C_LANGUAGE_STANDARD = gnu17;
				GCC_DYNAMIC_NO_PIC = NO;
				GCC_NO_COMMON_BLOCKS = YES;
				GCC_OPTIMIZATION_LEVEL = 0;
				GCC_PREPROCESSOR_DEFINITIONS = (
					"DEBUG=1",
					"$(inherited)",
				);
				GCC_WARN_64_TO_32_BIT_CONVERSION = YES;
				GCC_WARN_ABOUT_RETURN_TYPE = YES_ERROR;
				GCC_WARN_UNDECLARED_SELECTOR = YES;
				GCC_WARN_UNINITIALIZED_AUTOS = YES_AGGRESSIVE;
				GCC_WARN_UNUSED_FUNCTION = YES;
				GCC_WARN_UNUSED_VARIABLE = YES;
				IPHONEOS_DEPLOYMENT_TARGET = 17.2;
				LOCALIZATION_PREFERS_STRING_CATALOGS = YES;
				MTL_ENABLE_DEBUG_INFO = INCLUDE_SOURCE;
				MTL_FAST_MATH = YES;
				ONLY_ACTIVE_ARCH = YES;
				SDKROOT = iphoneos;
				SWIFT_ACTIVE_COMPILATION_CONDITIONS = "DEBUG $(inherited)";
				SWIFT_OPTIMIZATION_LEVEL = "-Onone";
			};
			name = Debug;
		};
		BA6F20162C93F8460071DF0D /* Release */ = {
			isa = XCBuildConfiguration;
			buildSettings = {
				ALWAYS_SEARCH_USER_PATHS = NO;
				ASSETCATALOG_COMPILER_GENERATE_SWIFT_ASSET_SYMBOL_EXTENSIONS = YES;
				CLANG_ANALYZER_NONNULL = YES;
				CLANG_ANALYZER_NUMBER_OBJECT_CONVERSION = YES_AGGRESSIVE;
				CLANG_CXX_LANGUAGE_STANDARD = "gnu++20";
				CLANG_ENABLE_MODULES = YES;
				CLANG_ENABLE_OBJC_ARC = YES;
				CLANG_ENABLE_OBJC_WEAK = YES;
				CLANG_WARN_BLOCK_CAPTURE_AUTORELEASING = YES;
				CLANG_WARN_BOOL_CONVERSION = YES;
				CLANG_WARN_COMMA = YES;
				CLANG_WARN_CONSTANT_CONVERSION = YES;
				CLANG_WARN_DEPRECATED_OBJC_IMPLEMENTATIONS = YES;
				CLANG_WARN_DIRECT_OBJC_ISA_USAGE = YES_ERROR;
				CLANG_WARN_DOCUMENTATION_COMMENTS = YES;
				CLANG_WARN_EMPTY_BODY = YES;
				CLANG_WARN_ENUM_CONVERSION = YES;
				CLANG_WARN_INFINITE_RECURSION = YES;
				CLANG_WARN_INT_CONVERSION = YES;
				CLANG_WARN_NON_LITERAL_NULL_CONVERSION = YES;
				CLANG_WARN_OBJC_IMPLICIT_RETAIN_SELF = YES;
				CLANG_WARN_OBJC_LITERAL_CONVERSION = YES;
				CLANG_WARN_OBJC_ROOT_CLASS = YES_ERROR;
				CLANG_WARN_QUOTED_INCLUDE_IN_FRAMEWORK_HEADER = YES;
				CLANG_WARN_RANGE_LOOP_ANALYSIS = YES;
				CLANG_WARN_STRICT_PROTOTYPES = YES;
				CLANG_WARN_SUSPICIOUS_MOVE = YES;
				CLANG_WARN_UNGUARDED_AVAILABILITY = YES_AGGRESSIVE;
				CLANG_WARN_UNREACHABLE_CODE = YES;
				CLANG_WARN__DUPLICATE_METHOD_MATCH = YES;
				COPY_PHASE_STRIP = NO;
				DEBUG_INFORMATION_FORMAT = "dwarf-with-dsym";
				ENABLE_NS_ASSERTIONS = NO;
				ENABLE_STRICT_OBJC_MSGSEND = YES;
				ENABLE_USER_SCRIPT_SANDBOXING = YES;
				GCC_C_LANGUAGE_STANDARD = gnu17;
				GCC_NO_COMMON_BLOCKS = YES;
				GCC_WARN_64_TO_32_BIT_CONVERSION = YES;
				GCC_WARN_ABOUT_RETURN_TYPE = YES_ERROR;
				GCC_WARN_UNDECLARED_SELECTOR = YES;
				GCC_WARN_UNINITIALIZED_AUTOS = YES_AGGRESSIVE;
				GCC_WARN_UNUSED_FUNCTION = YES;
				GCC_WARN_UNUSED_VARIABLE = YES;
				IPHONEOS_DEPLOYMENT_TARGET = 17.2;
				LOCALIZATION_PREFERS_STRING_CATALOGS = YES;
				MTL_ENABLE_DEBUG_INFO = NO;
				MTL_FAST_MATH = YES;
				SDKROOT = iphoneos;
				SWIFT_COMPILATION_MODE = wholemodule;
				VALIDATE_PRODUCT = YES;
			};
			name = Release;
		};
		BA6F20182C93F8460071DF0D /* Debug */ = {
			isa = XCBuildConfiguration;
			buildSettings = {
				ASSETCATALOG_COMPILER_APPICON_NAME = AppIcon;
				ASSETCATALOG_COMPILER_GLOBAL_ACCENT_COLOR_NAME = AccentColor;
				CODE_SIGN_STYLE = Automatic;
				CURRENT_PROJECT_VERSION = 1;
				DEVELOPMENT_TEAM = YBC6QZE5G7;
				GENERATE_INFOPLIST_FILE = YES;
				INFOPLIST_FILE = "Authentication in Swift/Info.plist";
				INFOPLIST_KEY_UIApplicationSupportsIndirectInputEvents = YES;
				INFOPLIST_KEY_UILaunchStoryboardName = LaunchScreen;
				INFOPLIST_KEY_UISupportedInterfaceOrientations = UIInterfaceOrientationPortrait;
				INFOPLIST_KEY_UISupportedInterfaceOrientations_iPad = "UIInterfaceOrientationPortrait UIInterfaceOrientationPortraitUpsideDown";
				LD_RUNPATH_SEARCH_PATHS = (
					"$(inherited)",
					"@executable_path/Frameworks",
				);
				MARKETING_VERSION = 1.0;
				PRODUCT_BUNDLE_IDENTIFIER = "com.SSLPinningImp.Authentication-in-Swift";
				PRODUCT_NAME = "$(TARGET_NAME)";
				SWIFT_EMIT_LOC_STRINGS = YES;
				SWIFT_VERSION = 5.0;
				TARGETED_DEVICE_FAMILY = "1,2";
			};
			name = Debug;
		};
		BA6F20192C93F8460071DF0D /* Release */ = {
			isa = XCBuildConfiguration;
			buildSettings = {
				ASSETCATALOG_COMPILER_APPICON_NAME = AppIcon;
				ASSETCATALOG_COMPILER_GLOBAL_ACCENT_COLOR_NAME = AccentColor;
				CODE_SIGN_STYLE = Automatic;
				CURRENT_PROJECT_VERSION = 1;
				DEVELOPMENT_TEAM = YBC6QZE5G7;
				GENERATE_INFOPLIST_FILE = YES;
				INFOPLIST_FILE = "Authentication in Swift/Info.plist";
				INFOPLIST_KEY_UIApplicationSupportsIndirectInputEvents = YES;
				INFOPLIST_KEY_UILaunchStoryboardName = LaunchScreen;
				INFOPLIST_KEY_UISupportedInterfaceOrientations = UIInterfaceOrientationPortrait;
				INFOPLIST_KEY_UISupportedInterfaceOrientations_iPad = "UIInterfaceOrientationPortrait UIInterfaceOrientationPortraitUpsideDown";
				LD_RUNPATH_SEARCH_PATHS = (
					"$(inherited)",
					"@executable_path/Frameworks",
				);
				MARKETING_VERSION = 1.0;
				PRODUCT_BUNDLE_IDENTIFIER = "com.SSLPinningImp.Authentication-in-Swift";
				PRODUCT_NAME = "$(TARGET_NAME)";
				SWIFT_EMIT_LOC_STRINGS = YES;
				SWIFT_VERSION = 5.0;
				TARGETED_DEVICE_FAMILY = "1,2";
			};
			name = Release;
		};
/* End XCBuildConfiguration section */

/* Begin XCConfigurationList section */
		BA6F1FFB2C93F83F0071DF0D /* Build configuration list for PBXProject "Authentication in Swift" */ = {
			isa = XCConfigurationList;
			buildConfigurations = (
				BA6F20152C93F8460071DF0D /* Debug */,
				BA6F20162C93F8460071DF0D /* Release */,
			);
			defaultConfigurationIsVisible = 0;
			defaultConfigurationName = Release;
		};
		BA6F20172C93F8460071DF0D /* Build configuration list for PBXNativeTarget "Authentication in Swift" */ = {
			isa = XCConfigurationList;
			buildConfigurations = (
				BA6F20182C93F8460071DF0D /* Debug */,
				BA6F20192C93F8460071DF0D /* Release */,
			);
			defaultConfigurationIsVisible = 0;
			defaultConfigurationName = Release;
		};
/* End XCConfigurationList section */

/* Begin XCVersionGroup section */
		BA6F200C2C93F83F0071DF0D /* Authentication_in_Swift.xcdatamodeld */ = {
			isa = XCVersionGroup;
			children = (
				BA6F200D2C93F83F0071DF0D /* Authentication_in_Swift.xcdatamodel */,
			);
			currentVersion = BA6F200D2C93F83F0071DF0D /* Authentication_in_Swift.xcdatamodel */;
			path = Authentication_in_Swift.xcdatamodeld;
			sourceTree = "<group>";
			versionGroupType = wrapper.xcdatamodel;
		};
/* End XCVersionGroup section */
	};
	rootObject = BA6F1FF82C93F83F0071DF0D /* Project object */;
}
